// !$*UTF8*$!
{
	archiveVersion = 1;
	classes = {
	};
	objectVersion = 46;
	objects = {

/* Begin PBXBuildFile section */
		6EE960531DC23C87003586C1 /* AliyunLogObjc.h in Headers */ = {isa = PBXBuildFile; fileRef = 6EE960511DC23C87003586C1 /* AliyunLogObjc.h */; settings = {ATTRIBUTES = (Public, ); }; };
		6EE9605A1DC23CB5003586C1 /* Log.m in Sources */ = {isa = PBXBuildFile; fileRef = 6EE960591DC23CB5003586C1 /* Log.m */; };
		6EE9605D1DC2438C003586C1 /* LogGroup.m in Sources */ = {isa = PBXBuildFile; fileRef = 6EE9605C1DC2438C003586C1 /* LogGroup.m */; };
		6EE960611DC247A0003586C1 /* LogClient.m in Sources */ = {isa = PBXBuildFile; fileRef = 6EE960601DC247A0003586C1 /* LogClient.m */; };
		6EE960661DC2563F003586C1 /* NSData+MD5Digest.m in Sources */ = {isa = PBXBuildFile; fileRef = 6EE960641DC2563F003586C1 /* NSData+MD5Digest.m */; };
		6EE9606E1DC25A64003586C1 /* NSData+GZIP.m in Sources */ = {isa = PBXBuildFile; fileRef = 6EE9606C1DC25A64003586C1 /* NSData+GZIP.m */; };
		6EE960721DC25D6D003586C1 /* NSString+Crypto.m in Sources */ = {isa = PBXBuildFile; fileRef = 6EE960701DC25D6D003586C1 /* NSString+Crypto.m */; };
		6EE960A71DC2681E003586C1 /* Log.h in Headers */ = {isa = PBXBuildFile; fileRef = 6EE9605B1DC23CC4003586C1 /* Log.h */; settings = {ATTRIBUTES = (Public, ); }; };
		6EE960A81DC2681E003586C1 /* LogGroup.h in Headers */ = {isa = PBXBuildFile; fileRef = 6EE9605E1DC24399003586C1 /* LogGroup.h */; settings = {ATTRIBUTES = (Public, ); }; };
		6EE960A91DC2681E003586C1 /* LogClient.h in Headers */ = {isa = PBXBuildFile; fileRef = 6EE9605F1DC24795003586C1 /* LogClient.h */; settings = {ATTRIBUTES = (Public, ); }; };
		6EE960AA1DC2681E003586C1 /* Const.h in Headers */ = {isa = PBXBuildFile; fileRef = 6EE960621DC24C17003586C1 /* Const.h */; settings = {ATTRIBUTES = (Public, ); }; };
		6EE960AB1DC2681E003586C1 /* NSData+MD5Digest.h in Headers */ = {isa = PBXBuildFile; fileRef = 6EE960631DC2563F003586C1 /* NSData+MD5Digest.h */; settings = {ATTRIBUTES = (Public, ); }; };
		6EE960AC1DC2681E003586C1 /* NSData+GZIP.h in Headers */ = {isa = PBXBuildFile; fileRef = 6EE9606B1DC25A64003586C1 /* NSData+GZIP.h */; settings = {ATTRIBUTES = (Public, ); }; };
		6EE960AD1DC2681E003586C1 /* NSString+Crypto.h in Headers */ = {isa = PBXBuildFile; fileRef = 6EE9606F1DC25D6D003586C1 /* NSString+Crypto.h */; settings = {ATTRIBUTES = (Public, ); }; };
/* End PBXBuildFile section */

/* Begin PBXFileReference section */
		6EE9604E1DC23C87003586C1 /* AliyunLogObjc.framework */ = {isa = PBXFileReference; explicitFileType = wrapper.framework; includeInIndex = 0; path = AliyunLogObjc.framework; sourceTree = BUILT_PRODUCTS_DIR; };
		6EE960511DC23C87003586C1 /* AliyunLogObjc.h */ = {isa = PBXFileReference; lastKnownFileType = sourcecode.c.h; path = AliyunLogObjc.h; sourceTree = "<group>"; };
		6EE960521DC23C87003586C1 /* Info.plist */ = {isa = PBXFileReference; lastKnownFileType = text.plist.xml; path = Info.plist; sourceTree = "<group>"; };
		6EE960591DC23CB5003586C1 /* Log.m */ = {isa = PBXFileReference; fileEncoding = 4; lastKnownFileType = sourcecode.c.objc; path = Log.m; sourceTree = "<group>"; };
		6EE9605B1DC23CC4003586C1 /* Log.h */ = {isa = PBXFileReference; lastKnownFileType = sourcecode.c.h; path = Log.h; sourceTree = "<group>"; };
		6EE9605C1DC2438C003586C1 /* LogGroup.m */ = {isa = PBXFileReference; fileEncoding = 4; lastKnownFileType = sourcecode.c.objc; path = LogGroup.m; sourceTree = "<group>"; };
		6EE9605E1DC24399003586C1 /* LogGroup.h */ = {isa = PBXFileReference; lastKnownFileType = sourcecode.c.h; path = LogGroup.h; sourceTree = "<group>"; };
		6EE9605F1DC24795003586C1 /* LogClient.h */ = {isa = PBXFileReference; lastKnownFileType = sourcecode.c.h; path = LogClient.h; sourceTree = "<group>"; };
		6EE960601DC247A0003586C1 /* LogClient.m */ = {isa = PBXFileReference; fileEncoding = 4; lastKnownFileType = sourcecode.c.objc; path = LogClient.m; sourceTree = "<group>"; };
		6EE960621DC24C17003586C1 /* Const.h */ = {isa = PBXFileReference; lastKnownFileType = sourcecode.c.h; path = Const.h; sourceTree = "<group>"; };
		6EE960631DC2563F003586C1 /* NSData+MD5Digest.h */ = {isa = PBXFileReference; fileEncoding = 4; lastKnownFileType = sourcecode.c.h; path = "NSData+MD5Digest.h"; sourceTree = "<group>"; };
		6EE960641DC2563F003586C1 /* NSData+MD5Digest.m */ = {isa = PBXFileReference; fileEncoding = 4; lastKnownFileType = sourcecode.c.objc; path = "NSData+MD5Digest.m"; sourceTree = "<group>"; };
		6EE9606B1DC25A64003586C1 /* NSData+GZIP.h */ = {isa = PBXFileReference; fileEncoding = 4; lastKnownFileType = sourcecode.c.h; path = "NSData+GZIP.h"; sourceTree = "<group>"; };
		6EE9606C1DC25A64003586C1 /* NSData+GZIP.m */ = {isa = PBXFileReference; fileEncoding = 4; lastKnownFileType = sourcecode.c.objc; path = "NSData+GZIP.m"; sourceTree = "<group>"; };
		6EE9606F1DC25D6D003586C1 /* NSString+Crypto.h */ = {isa = PBXFileReference; fileEncoding = 4; lastKnownFileType = sourcecode.c.h; path = "NSString+Crypto.h"; sourceTree = "<group>"; };
		6EE960701DC25D6D003586C1 /* NSString+Crypto.m */ = {isa = PBXFileReference; fileEncoding = 4; lastKnownFileType = sourcecode.c.objc; path = "NSString+Crypto.m"; sourceTree = "<group>"; };
/* End PBXFileReference section */

/* Begin PBXFrameworksBuildPhase section */
		6EE9604A1DC23C87003586C1 /* Frameworks */ = {
			isa = PBXFrameworksBuildPhase;
			buildActionMask = 2147483647;
			files = (
			);
			runOnlyForDeploymentPostprocessing = 0;
		};
/* End PBXFrameworksBuildPhase section */

/* Begin PBXGroup section */
		6EE960441DC23C87003586C1 = {
			isa = PBXGroup;
			children = (
				6EE960501DC23C87003586C1 /* AliyunLogObjc */,
				6EE9604F1DC23C87003586C1 /* Products */,
			);
			sourceTree = "<group>";
		};
		6EE9604F1DC23C87003586C1 /* Products */ = {
			isa = PBXGroup;
			children = (
				6EE9604E1DC23C87003586C1 /* AliyunLogObjc.framework */,
			);
			name = Products;
			sourceTree = "<group>";
		};
		6EE960501DC23C87003586C1 /* AliyunLogObjc */ = {
			isa = PBXGroup;
			children = (
				6EE960511DC23C87003586C1 /* AliyunLogObjc.h */,
				6EE960521DC23C87003586C1 /* Info.plist */,
				6EE960591DC23CB5003586C1 /* Log.m */,
				6EE9605B1DC23CC4003586C1 /* Log.h */,
				6EE9605C1DC2438C003586C1 /* LogGroup.m */,
				6EE9605E1DC24399003586C1 /* LogGroup.h */,
				6EE9605F1DC24795003586C1 /* LogClient.h */,
				6EE960601DC247A0003586C1 /* LogClient.m */,
				6EE960621DC24C17003586C1 /* Const.h */,
				6EE960631DC2563F003586C1 /* NSData+MD5Digest.h */,
				6EE960641DC2563F003586C1 /* NSData+MD5Digest.m */,
				6EE9606B1DC25A64003586C1 /* NSData+GZIP.h */,
				6EE9606C1DC25A64003586C1 /* NSData+GZIP.m */,
				6EE9606F1DC25D6D003586C1 /* NSString+Crypto.h */,
				6EE960701DC25D6D003586C1 /* NSString+Crypto.m */,
			);
			path = AliyunLogObjc;
			sourceTree = "<group>";
		};
/* End PBXGroup section */

/* Begin PBXHeadersBuildPhase section */
		6EE9604B1DC23C87003586C1 /* Headers */ = {
			isa = PBXHeadersBuildPhase;
			buildActionMask = 2147483647;
			files = (
				6EE960531DC23C87003586C1 /* AliyunLogObjc.h in Headers */,
				6EE960A71DC2681E003586C1 /* Log.h in Headers */,
				6EE960A81DC2681E003586C1 /* LogGroup.h in Headers */,
				6EE960A91DC2681E003586C1 /* LogClient.h in Headers */,
				6EE960AA1DC2681E003586C1 /* Const.h in Headers */,
				6EE960AB1DC2681E003586C1 /* NSData+MD5Digest.h in Headers */,
				6EE960AC1DC2681E003586C1 /* NSData+GZIP.h in Headers */,
				6EE960AD1DC2681E003586C1 /* NSString+Crypto.h in Headers */,
			);
			runOnlyForDeploymentPostprocessing = 0;
		};
/* End PBXHeadersBuildPhase section */

/* Begin PBXNativeTarget section */
		6EE9604D1DC23C87003586C1 /* AliyunLogObjc */ = {
			isa = PBXNativeTarget;
			buildConfigurationList = 6EE960561DC23C87003586C1 /* Build configuration list for PBXNativeTarget "AliyunLogObjc" */;
			buildPhases = (
				6EE960491DC23C87003586C1 /* Sources */,
				6EE9604A1DC23C87003586C1 /* Frameworks */,
				6EE9604B1DC23C87003586C1 /* Headers */,
				6EE9604C1DC23C87003586C1 /* Resources */,
			);
			buildRules = (
			);
			dependencies = (
			);
			name = AliyunLogObjc;
			productName = AliyunLogObjc;
			productReference = 6EE9604E1DC23C87003586C1 /* AliyunLogObjc.framework */;
			productType = "com.apple.product-type.framework";
		};
/* End PBXNativeTarget section */

/* Begin PBXProject section */
		6EE960451DC23C87003586C1 /* Project object */ = {
			isa = PBXProject;
			attributes = {
				LastUpgradeCheck = 0810;
				ORGANIZATIONNAME = "陆家靖";
				TargetAttributes = {
					6EE9604D1DC23C87003586C1 = {
						CreatedOnToolsVersion = 8.0;
						DevelopmentTeam = 9FQ972GY7E;
						ProvisioningStyle = Automatic;
					};
				};
			};
			buildConfigurationList = 6EE960481DC23C87003586C1 /* Build configuration list for PBXProject "AliyunLogObjc" */;
			compatibilityVersion = "Xcode 3.2";
			developmentRegion = English;
			hasScannedForEncodings = 0;
			knownRegions = (
				en,
				Base,
			);
			mainGroup = 6EE960441DC23C87003586C1;
			productRefGroup = 6EE9604F1DC23C87003586C1 /* Products */;
			projectDirPath = "";
			projectRoot = "";
			targets = (
				6EE9604D1DC23C87003586C1 /* AliyunLogObjc */,
			);
		};
/* End PBXProject section */

/* Begin PBXResourcesBuildPhase section */
		6EE9604C1DC23C87003586C1 /* Resources */ = {
			isa = PBXResourcesBuildPhase;
			buildActionMask = 2147483647;
			files = (
			);
			runOnlyForDeploymentPostprocessing = 0;
		};
/* End PBXResourcesBuildPhase section */

/* Begin PBXSourcesBuildPhase section */
		6EE960491DC23C87003586C1 /* Sources */ = {
			isa = PBXSourcesBuildPhase;
			buildActionMask = 2147483647;
			files = (
				6EE960661DC2563F003586C1 /* NSData+MD5Digest.m in Sources */,
				6EE9605D1DC2438C003586C1 /* LogGroup.m in Sources */,
				6EE9606E1DC25A64003586C1 /* NSData+GZIP.m in Sources */,
				6EE9605A1DC23CB5003586C1 /* Log.m in Sources */,
				6EE960721DC25D6D003586C1 /* NSString+Crypto.m in Sources */,
				6EE960611DC247A0003586C1 /* LogClient.m in Sources */,
			);
			runOnlyForDeploymentPostprocessing = 0;
		};
/* End PBXSourcesBuildPhase section */

/* Begin XCBuildConfiguration section */
		6EE960541DC23C87003586C1 /* Debug */ = {
			isa = XCBuildConfiguration;
			buildSettings = {
				ALWAYS_SEARCH_USER_PATHS = NO;
				CLANG_ANALYZER_NONNULL = YES;
				CLANG_CXX_LANGUAGE_STANDARD = "gnu++0x";
				CLANG_CXX_LIBRARY = "libc++";
				CLANG_ENABLE_MODULES = YES;
				CLANG_ENABLE_OBJC_ARC = YES;
				CLANG_WARN_BOOL_CONVERSION = YES;
				CLANG_WARN_CONSTANT_CONVERSION = YES;
				CLANG_WARN_DIRECT_OBJC_ISA_USAGE = YES_ERROR;
				CLANG_WARN_DOCUMENTATION_COMMENTS = YES;
				CLANG_WARN_EMPTY_BODY = YES;
				CLANG_WARN_ENUM_CONVERSION = YES;
				CLANG_WARN_INFINITE_RECURSION = YES;
				CLANG_WARN_INT_CONVERSION = YES;
				CLANG_WARN_OBJC_ROOT_CLASS = YES_ERROR;
				CLANG_WARN_SUSPICIOUS_MOVE = YES;
				CLANG_WARN_SUSPICIOUS_MOVES = YES;
				CLANG_WARN_UNREACHABLE_CODE = YES;
				CLANG_WARN__DUPLICATE_METHOD_MATCH = YES;
				"CODE_SIGN_IDENTITY[sdk=iphoneos*]" = "iPhone Developer";
				COPY_PHASE_STRIP = NO;
				CURRENT_PROJECT_VERSION = 1;
				DEBUG_INFORMATION_FORMAT = dwarf;
				ENABLE_STRICT_OBJC_MSGSEND = YES;
				ENABLE_TESTABILITY = YES;
				GCC_C_LANGUAGE_STANDARD = gnu99;
				GCC_DYNAMIC_NO_PIC = NO;
				GCC_NO_COMMON_BLOCKS = YES;
				GCC_OPTIMIZATION_LEVEL = 0;
				GCC_PREPROCESSOR_DEFINITIONS = (
					"DEBUG=1",
					"$(inherited)",
				);
				GCC_WARN_64_TO_32_BIT_CONVERSION = YES;
				GCC_WARN_ABOUT_RETURN_TYPE = YES_ERROR;
				GCC_WARN_UNDECLARED_SELECTOR = YES;
				GCC_WARN_UNINITIALIZED_AUTOS = YES_AGGRESSIVE;
				GCC_WARN_UNUSED_FUNCTION = YES;
				GCC_WARN_UNUSED_VARIABLE = YES;
				IPHONEOS_DEPLOYMENT_TARGET = 10.0;
				MTL_ENABLE_DEBUG_INFO = YES;
				ONLY_ACTIVE_ARCH = YES;
				SDKROOT = iphoneos;
				TARGETED_DEVICE_FAMILY = "1,2";
				VERSIONING_SYSTEM = "apple-generic";
				VERSION_INFO_PREFIX = "";
			};
			name = Debug;
		};
		6EE960551DC23C87003586C1 /* Release */ = {
			isa = XCBuildConfiguration;
			buildSettings = {
				ALWAYS_SEARCH_USER_PATHS = NO;
				CLANG_ANALYZER_NONNULL = YES;
				CLANG_CXX_LANGUAGE_STANDARD = "gnu++0x";
				CLANG_CXX_LIBRARY = "libc++";
				CLANG_ENABLE_MODULES = YES;
				CLANG_ENABLE_OBJC_ARC = YES;
				CLANG_WARN_BOOL_CONVERSION = YES;
				CLANG_WARN_CONSTANT_CONVERSION = YES;
				CLANG_WARN_DIRECT_OBJC_ISA_USAGE = YES_ERROR;
				CLANG_WARN_DOCUMENTATION_COMMENTS = YES;
				CLANG_WARN_EMPTY_BODY = YES;
				CLANG_WARN_ENUM_CONVERSION = YES;
				CLANG_WARN_INFINITE_RECURSION = YES;
				CLANG_WARN_INT_CONVERSION = YES;
				CLANG_WARN_OBJC_ROOT_CLASS = YES_ERROR;
				CLANG_WARN_SUSPICIOUS_MOVE = YES;
				CLANG_WARN_SUSPICIOUS_MOVES = YES;
				CLANG_WARN_UNREACHABLE_CODE = YES;
				CLANG_WARN__DUPLICATE_METHOD_MATCH = YES;
				"CODE_SIGN_IDENTITY[sdk=iphoneos*]" = "iPhone Developer";
				COPY_PHASE_STRIP = NO;
				CURRENT_PROJECT_VERSION = 1;
				DEBUG_INFORMATION_FORMAT = "dwarf-with-dsym";
				ENABLE_NS_ASSERTIONS = NO;
				ENABLE_STRICT_OBJC_MSGSEND = YES;
				GCC_C_LANGUAGE_STANDARD = gnu99;
				GCC_NO_COMMON_BLOCKS = YES;
				GCC_WARN_64_TO_32_BIT_CONVERSION = YES;
				GCC_WARN_ABOUT_RETURN_TYPE = YES_ERROR;
				GCC_WARN_UNDECLARED_SELECTOR = YES;
				GCC_WARN_UNINITIALIZED_AUTOS = YES_AGGRESSIVE;
				GCC_WARN_UNUSED_FUNCTION = YES;
				GCC_WARN_UNUSED_VARIABLE = YES;
				IPHONEOS_DEPLOYMENT_TARGET = 10.0;
				MTL_ENABLE_DEBUG_INFO = NO;
				SDKROOT = iphoneos;
				TARGETED_DEVICE_FAMILY = "1,2";
				VALIDATE_PRODUCT = YES;
				VERSIONING_SYSTEM = "apple-generic";
				VERSION_INFO_PREFIX = "";
			};
			name = Release;
		};
		6EE960571DC23C87003586C1 /* Debug */ = {
			isa = XCBuildConfiguration;
			buildSettings = {
				CODE_SIGN_IDENTITY = "";
				DEFINES_MODULE = YES;
				DEVELOPMENT_TEAM = 9FQ972GY7E;
				DYLIB_COMPATIBILITY_VERSION = 1;
				DYLIB_CURRENT_VERSION = 1;
				DYLIB_INSTALL_NAME_BASE = "@rpath";
				INFOPLIST_FILE = AliyunLogObjc/Info.plist;
				INSTALL_PATH = "$(LOCAL_LIBRARY_DIR)/Frameworks";
				LD_RUNPATH_SEARCH_PATHS = "$(inherited) @executable_path/Frameworks @loader_path/Frameworks";
				PRODUCT_BUNDLE_IDENTIFIER = com.wosai.pushservice.AliyunLogObjc;
				PRODUCT_NAME = "$(TARGET_NAME)";
				SKIP_INSTALL = YES;
			};
			name = Debug;
		};
		6EE960581DC23C87003586C1 /* Release */ = {
			isa = XCBuildConfiguration;
			buildSettings = {
				CODE_SIGN_IDENTITY = "";
				DEFINES_MODULE = YES;
				DEVELOPMENT_TEAM = 9FQ972GY7E;
				DYLIB_COMPATIBILITY_VERSION = 1;
				DYLIB_CURRENT_VERSION = 1;
				DYLIB_INSTALL_NAME_BASE = "@rpath";
				INFOPLIST_FILE = AliyunLogObjc/Info.plist;
				INSTALL_PATH = "$(LOCAL_LIBRARY_DIR)/Frameworks";
				LD_RUNPATH_SEARCH_PATHS = "$(inherited) @executable_path/Frameworks @loader_path/Frameworks";
				PRODUCT_BUNDLE_IDENTIFIER = com.wosai.pushservice.AliyunLogObjc;
				PRODUCT_NAME = "$(TARGET_NAME)";
				SKIP_INSTALL = YES;
			};
			name = Release;
		};
/* End XCBuildConfiguration section */

/* Begin XCConfigurationList section */
		6EE960481DC23C87003586C1 /* Build configuration list for PBXProject "AliyunLogObjc" */ = {
			isa = XCConfigurationList;
			buildConfigurations = (
				6EE960541DC23C87003586C1 /* Debug */,
				6EE960551DC23C87003586C1 /* Release */,
			);
			defaultConfigurationIsVisible = 0;
			defaultConfigurationName = Release;
		};
		6EE960561DC23C87003586C1 /* Build configuration list for PBXNativeTarget "AliyunLogObjc" */ = {
			isa = XCConfigurationList;
			buildConfigurations = (
				6EE960571DC23C87003586C1 /* Debug */,
				6EE960581DC23C87003586C1 /* Release */,
			);
			defaultConfigurationIsVisible = 0;
			defaultConfigurationName = Release;
		};
/* End XCConfigurationList section */
	};
	rootObject = 6EE960451DC23C87003586C1 /* Project object */;
}
