// !$*UTF8*$!
{
	archiveVersion = 1;
	classes = {
	};
	objectVersion = 46;
	objects = {

/* Begin PBXBuildFile section */
		342A92E7FBF0A13C94F7B88D /* libPods-AliyunLogObjc.a in Frameworks */ = {isa = PBXBuildFile; fileRef = 4D0606825DE473AD074AF974 /* libPods-AliyunLogObjc.a */; };
		6E3D3BA72064F4D20053427E /* AliyunLogObjc.framework in Frameworks */ = {isa = PBXBuildFile; fileRef = 6EE9604E1DC23C87003586C1 /* AliyunLogObjc.framework */; };
		6E3D3BA82064F4D20053427E /* AliyunLogObjc.framework in Embed Frameworks */ = {isa = PBXBuildFile; fileRef = 6EE9604E1DC23C87003586C1 /* AliyunLogObjc.framework */; settings = {ATTRIBUTES = (CodeSignOnCopy, RemoveHeadersOnCopy, ); }; };
		6E3D3BAC2064F6370053427E /* Serializer.h in Headers */ = {isa = PBXBuildFile; fileRef = 6EA0AC452064B01900A71863 /* Serializer.h */; settings = {ATTRIBUTES = (Public, ); }; };
		6EA0AC422064AFE200A71863 /* JSONSerializer.m in Sources */ = {isa = PBXBuildFile; fileRef = 6EA0AC412064AFE200A71863 /* JSONSerializer.m */; };
		6EA0AC442064B00400A71863 /* ProtobufSerializer.m in Sources */ = {isa = PBXBuildFile; fileRef = 6EA0AC432064B00400A71863 /* ProtobufSerializer.m */; };
		6EA0AC462064B01900A71863 /* Serializer.h in Sources */ = {isa = PBXBuildFile; fileRef = 6EA0AC452064B01900A71863 /* Serializer.h */; };
		6EA0AC4B2064D35800A71863 /* Sls.pbobjc.h in Headers */ = {isa = PBXBuildFile; fileRef = 6EA0AC492064D35800A71863 /* Sls.pbobjc.h */; };
		6EA0AC4C2064D35800A71863 /* Sls.pbobjc.m in Sources */ = {isa = PBXBuildFile; fileRef = 6EA0AC4A2064D35800A71863 /* Sls.pbobjc.m */; settings = {COMPILER_FLAGS = "-fno-objc-arc"; }; };
		6EE960531DC23C87003586C1 /* AliyunLogObjc.h in Headers */ = {isa = PBXBuildFile; fileRef = 6EE960511DC23C87003586C1 /* AliyunLogObjc.h */; settings = {ATTRIBUTES = (Public, ); }; };
		6EE9605A1DC23CB5003586C1 /* RawLog.m in Sources */ = {isa = PBXBuildFile; fileRef = 6EE960591DC23CB5003586C1 /* RawLog.m */; };
		6EE9605D1DC2438C003586C1 /* RawLogGroup.m in Sources */ = {isa = PBXBuildFile; fileRef = 6EE9605C1DC2438C003586C1 /* RawLogGroup.m */; };
		6EE960611DC247A0003586C1 /* LogClient.m in Sources */ = {isa = PBXBuildFile; fileRef = 6EE960601DC247A0003586C1 /* LogClient.m */; };
		6EE960661DC2563F003586C1 /* NSData+MD5Digest.m in Sources */ = {isa = PBXBuildFile; fileRef = 6EE960641DC2563F003586C1 /* NSData+MD5Digest.m */; };
		6EE9606E1DC25A64003586C1 /* NSData+GZIP.m in Sources */ = {isa = PBXBuildFile; fileRef = 6EE9606C1DC25A64003586C1 /* NSData+GZIP.m */; };
		6EE960721DC25D6D003586C1 /* NSString+Crypto.m in Sources */ = {isa = PBXBuildFile; fileRef = 6EE960701DC25D6D003586C1 /* NSString+Crypto.m */; };
		6EE960A71DC2681E003586C1 /* RawLog.h in Headers */ = {isa = PBXBuildFile; fileRef = 6EE9605B1DC23CC4003586C1 /* RawLog.h */; settings = {ATTRIBUTES = (Public, ); }; };
		6EE960A81DC2681E003586C1 /* RawLogGroup.h in Headers */ = {isa = PBXBuildFile; fileRef = 6EE9605E1DC24399003586C1 /* RawLogGroup.h */; settings = {ATTRIBUTES = (Public, ); }; };
		6EE960A91DC2681E003586C1 /* LogClient.h in Headers */ = {isa = PBXBuildFile; fileRef = 6EE9605F1DC24795003586C1 /* LogClient.h */; settings = {ATTRIBUTES = (Public, ); }; };
		6EE960AA1DC2681E003586C1 /* Const.h in Headers */ = {isa = PBXBuildFile; fileRef = 6EE960621DC24C17003586C1 /* Const.h */; settings = {ATTRIBUTES = (Public, ); }; };
		6EE960AB1DC2681E003586C1 /* NSData+MD5Digest.h in Headers */ = {isa = PBXBuildFile; fileRef = 6EE960631DC2563F003586C1 /* NSData+MD5Digest.h */; settings = {ATTRIBUTES = (Public, ); }; };
		6EE960AC1DC2681E003586C1 /* NSData+GZIP.h in Headers */ = {isa = PBXBuildFile; fileRef = 6EE9606B1DC25A64003586C1 /* NSData+GZIP.h */; settings = {ATTRIBUTES = (Public, ); }; };
		6EE960AD1DC2681E003586C1 /* NSString+Crypto.h in Headers */ = {isa = PBXBuildFile; fileRef = 6EE9606F1DC25D6D003586C1 /* NSString+Crypto.h */; settings = {ATTRIBUTES = (Public, ); }; };
/* End PBXBuildFile section */

/* Begin PBXContainerItemProxy section */
		6E3D3BA92064F4D20053427E /* PBXContainerItemProxy */ = {
			isa = PBXContainerItemProxy;
			containerPortal = 6EE960451DC23C87003586C1 /* Project object */;
			proxyType = 1;
			remoteGlobalIDString = 6EE9604D1DC23C87003586C1;
			remoteInfo = AliyunLogObjc;
		};
/* End PBXContainerItemProxy section */

/* Begin PBXCopyFilesBuildPhase section */
		6E3D3BAB2064F4D20053427E /* Embed Frameworks */ = {
			isa = PBXCopyFilesBuildPhase;
			buildActionMask = 2147483647;
			dstPath = "";
			dstSubfolderSpec = 10;
			files = (
				6E3D3BA82064F4D20053427E /* AliyunLogObjc.framework in Embed Frameworks */,
			);
			name = "Embed Frameworks";
			runOnlyForDeploymentPostprocessing = 0;
		};
/* End PBXCopyFilesBuildPhase section */

/* Begin PBXFileReference section */
		4D0606825DE473AD074AF974 /* libPods-AliyunLogObjc.a */ = {isa = PBXFileReference; explicitFileType = archive.ar; includeInIndex = 0; path = "libPods-AliyunLogObjc.a"; sourceTree = BUILT_PRODUCTS_DIR; };
		61E8EE7E5F02BF282549BBCF /* Pods-AliyunLogObjc.release.xcconfig */ = {isa = PBXFileReference; includeInIndex = 1; lastKnownFileType = text.xcconfig; name = "Pods-AliyunLogObjc.release.xcconfig"; path = "Pods/Target Support Files/Pods-AliyunLogObjc/Pods-AliyunLogObjc.release.xcconfig"; sourceTree = "<group>"; };
		6E3D3B8A2064E26A0053427E /* JSONSerializer.h */ = {isa = PBXFileReference; lastKnownFileType = sourcecode.c.h; path = JSONSerializer.h; sourceTree = "<group>"; };
		6E3D3B8B2064E2A00053427E /* ProtobufSerializer.h */ = {isa = PBXFileReference; lastKnownFileType = sourcecode.c.h; path = ProtobufSerializer.h; sourceTree = "<group>"; };
		6E3D3B902064F4270053427E /* AliyunLogDemo.app */ = {isa = PBXFileReference; explicitFileType = wrapper.application; includeInIndex = 0; path = AliyunLogDemo.app; sourceTree = BUILT_PRODUCTS_DIR; };
		6EA0AC412064AFE200A71863 /* JSONSerializer.m */ = {isa = PBXFileReference; lastKnownFileType = sourcecode.c.objc; path = JSONSerializer.m; sourceTree = "<group>"; };
		6EA0AC432064B00400A71863 /* ProtobufSerializer.m */ = {isa = PBXFileReference; lastKnownFileType = sourcecode.c.objc; path = ProtobufSerializer.m; sourceTree = "<group>"; };
		6EA0AC452064B01900A71863 /* Serializer.h */ = {isa = PBXFileReference; lastKnownFileType = sourcecode.c.h; path = Serializer.h; sourceTree = "<group>"; };
		6EA0AC492064D35800A71863 /* Sls.pbobjc.h */ = {isa = PBXFileReference; fileEncoding = 4; lastKnownFileType = sourcecode.c.h; path = Sls.pbobjc.h; sourceTree = "<group>"; };
		6EA0AC4A2064D35800A71863 /* Sls.pbobjc.m */ = {isa = PBXFileReference; fileEncoding = 4; lastKnownFileType = sourcecode.c.objc; path = Sls.pbobjc.m; sourceTree = "<group>"; };
		6EA0AC4E2064D36C00A71863 /* libprotobuf.tbd */ = {isa = PBXFileReference; lastKnownFileType = "sourcecode.text-based-dylib-definition"; name = libprotobuf.tbd; path = usr/lib/libprotobuf.tbd; sourceTree = SDKROOT; };
		6EA0AC502064D3C900A71863 /* libprotobuf-lite.tbd */ = {isa = PBXFileReference; lastKnownFileType = "sourcecode.text-based-dylib-definition"; name = "libprotobuf-lite.tbd"; path = "usr/lib/libprotobuf-lite.tbd"; sourceTree = SDKROOT; };
		6EE9604E1DC23C87003586C1 /* AliyunLogObjc.framework */ = {isa = PBXFileReference; explicitFileType = wrapper.framework; includeInIndex = 0; path = AliyunLogObjc.framework; sourceTree = BUILT_PRODUCTS_DIR; };
		6EE960511DC23C87003586C1 /* AliyunLogObjc.h */ = {isa = PBXFileReference; lastKnownFileType = sourcecode.c.h; path = AliyunLogObjc.h; sourceTree = "<group>"; };
		6EE960521DC23C87003586C1 /* Info.plist */ = {isa = PBXFileReference; lastKnownFileType = text.plist.xml; path = Info.plist; sourceTree = "<group>"; };
		6EE960591DC23CB5003586C1 /* RawLog.m */ = {isa = PBXFileReference; fileEncoding = 4; lastKnownFileType = sourcecode.c.objc; path = RawLog.m; sourceTree = "<group>"; };
		6EE9605B1DC23CC4003586C1 /* RawLog.h */ = {isa = PBXFileReference; lastKnownFileType = sourcecode.c.h; path = RawLog.h; sourceTree = "<group>"; };
		6EE9605C1DC2438C003586C1 /* RawLogGroup.m */ = {isa = PBXFileReference; fileEncoding = 4; lastKnownFileType = sourcecode.c.objc; path = RawLogGroup.m; sourceTree = "<group>"; };
		6EE9605E1DC24399003586C1 /* RawLogGroup.h */ = {isa = PBXFileReference; lastKnownFileType = sourcecode.c.h; path = RawLogGroup.h; sourceTree = "<group>"; };
		6EE9605F1DC24795003586C1 /* LogClient.h */ = {isa = PBXFileReference; lastKnownFileType = sourcecode.c.h; path = LogClient.h; sourceTree = "<group>"; };
		6EE960601DC247A0003586C1 /* LogClient.m */ = {isa = PBXFileReference; fileEncoding = 4; lastKnownFileType = sourcecode.c.objc; path = LogClient.m; sourceTree = "<group>"; };
		6EE960621DC24C17003586C1 /* Const.h */ = {isa = PBXFileReference; lastKnownFileType = sourcecode.c.h; path = Const.h; sourceTree = "<group>"; };
		6EE960631DC2563F003586C1 /* NSData+MD5Digest.h */ = {isa = PBXFileReference; fileEncoding = 4; lastKnownFileType = sourcecode.c.h; path = "NSData+MD5Digest.h"; sourceTree = "<group>"; };
		6EE960641DC2563F003586C1 /* NSData+MD5Digest.m */ = {isa = PBXFileReference; fileEncoding = 4; lastKnownFileType = sourcecode.c.objc; path = "NSData+MD5Digest.m"; sourceTree = "<group>"; };
		6EE9606B1DC25A64003586C1 /* NSData+GZIP.h */ = {isa = PBXFileReference; fileEncoding = 4; lastKnownFileType = sourcecode.c.h; path = "NSData+GZIP.h"; sourceTree = "<group>"; };
		6EE9606C1DC25A64003586C1 /* NSData+GZIP.m */ = {isa = PBXFileReference; fileEncoding = 4; lastKnownFileType = sourcecode.c.objc; path = "NSData+GZIP.m"; sourceTree = "<group>"; };
		6EE9606F1DC25D6D003586C1 /* NSString+Crypto.h */ = {isa = PBXFileReference; fileEncoding = 4; lastKnownFileType = sourcecode.c.h; path = "NSString+Crypto.h"; sourceTree = "<group>"; };
		6EE960701DC25D6D003586C1 /* NSString+Crypto.m */ = {isa = PBXFileReference; fileEncoding = 4; lastKnownFileType = sourcecode.c.objc; path = "NSString+Crypto.m"; sourceTree = "<group>"; };
		E7AC2BEE189EE89BC7931604 /* Pods-AliyunLogObjc.debug.xcconfig */ = {isa = PBXFileReference; includeInIndex = 1; lastKnownFileType = text.xcconfig; name = "Pods-AliyunLogObjc.debug.xcconfig"; path = "Pods/Target Support Files/Pods-AliyunLogObjc/Pods-AliyunLogObjc.debug.xcconfig"; sourceTree = "<group>"; };
/* End PBXFileReference section */

/* Begin PBXFrameworksBuildPhase section */
		6E3D3B8D2064F4270053427E /* Frameworks */ = {
			isa = PBXFrameworksBuildPhase;
			buildActionMask = 2147483647;
			files = (
				6E3D3BA72064F4D20053427E /* AliyunLogObjc.framework in Frameworks */,
			);
			runOnlyForDeploymentPostprocessing = 0;
		};
		6EE9604A1DC23C87003586C1 /* Frameworks */ = {
			isa = PBXFrameworksBuildPhase;
			buildActionMask = 2147483647;
			files = (
				342A92E7FBF0A13C94F7B88D /* libPods-AliyunLogObjc.a in Frameworks */,
			);
			runOnlyForDeploymentPostprocessing = 0;
		};
/* End PBXFrameworksBuildPhase section */

/* Begin PBXGroup section */
		6EA0AC402064AFAD00A71863 /* serde */ = {
			isa = PBXGroup;
			children = (
				6EA0AC492064D35800A71863 /* Sls.pbobjc.h */,
				6EA0AC4A2064D35800A71863 /* Sls.pbobjc.m */,
				6EA0AC452064B01900A71863 /* Serializer.h */,
				6E3D3B8A2064E26A0053427E /* JSONSerializer.h */,
				6EA0AC412064AFE200A71863 /* JSONSerializer.m */,
				6E3D3B8B2064E2A00053427E /* ProtobufSerializer.h */,
				6EA0AC432064B00400A71863 /* ProtobufSerializer.m */,
			);
			path = serde;
			sourceTree = "<group>";
		};
		6EA0AC4D2064D36C00A71863 /* Frameworks */ = {
			isa = PBXGroup;
			children = (
				6EA0AC502064D3C900A71863 /* libprotobuf-lite.tbd */,
				6EA0AC4E2064D36C00A71863 /* libprotobuf.tbd */,
				4D0606825DE473AD074AF974 /* libPods-AliyunLogObjc.a */,
			);
			name = Frameworks;
			sourceTree = "<group>";
		};
		6EE960441DC23C87003586C1 = {
			isa = PBXGroup;
			children = (
				6EE960501DC23C87003586C1 /* AliyunLogObjc */,
				6EE9604F1DC23C87003586C1 /* Products */,
				6EA0AC4D2064D36C00A71863 /* Frameworks */,
				9633E4438E5DA8B1B82C541A /* Pods */,
			);
			sourceTree = "<group>";
		};
		6EE9604F1DC23C87003586C1 /* Products */ = {
			isa = PBXGroup;
			children = (
				6EE9604E1DC23C87003586C1 /* AliyunLogObjc.framework */,
				6E3D3B902064F4270053427E /* AliyunLogDemo.app */,
			);
			name = Products;
			sourceTree = "<group>";
		};
		6EE960501DC23C87003586C1 /* AliyunLogObjc */ = {
			isa = PBXGroup;
			children = (
				6EA0AC402064AFAD00A71863 /* serde */,
				6EE960511DC23C87003586C1 /* AliyunLogObjc.h */,
				6EE960521DC23C87003586C1 /* Info.plist */,
				6EE960591DC23CB5003586C1 /* RawLog.m */,
				6EE9605B1DC23CC4003586C1 /* RawLog.h */,
				6EE9605C1DC2438C003586C1 /* RawLogGroup.m */,
				6EE9605E1DC24399003586C1 /* RawLogGroup.h */,
				6EE9605F1DC24795003586C1 /* LogClient.h */,
				6EE960601DC247A0003586C1 /* LogClient.m */,
				6EE960621DC24C17003586C1 /* Const.h */,
				6EE960631DC2563F003586C1 /* NSData+MD5Digest.h */,
				6EE960641DC2563F003586C1 /* NSData+MD5Digest.m */,
				6EE9606B1DC25A64003586C1 /* NSData+GZIP.h */,
				6EE9606C1DC25A64003586C1 /* NSData+GZIP.m */,
				6EE9606F1DC25D6D003586C1 /* NSString+Crypto.h */,
				6EE960701DC25D6D003586C1 /* NSString+Crypto.m */,
			);
			path = AliyunLogObjc;
			sourceTree = "<group>";
		};
		9633E4438E5DA8B1B82C541A /* Pods */ = {
			isa = PBXGroup;
			children = (
				E7AC2BEE189EE89BC7931604 /* Pods-AliyunLogObjc.debug.xcconfig */,
				61E8EE7E5F02BF282549BBCF /* Pods-AliyunLogObjc.release.xcconfig */,
			);
			name = Pods;
			sourceTree = "<group>";
		};
/* End PBXGroup section */

/* Begin PBXHeadersBuildPhase section */
		6EE9604B1DC23C87003586C1 /* Headers */ = {
			isa = PBXHeadersBuildPhase;
			buildActionMask = 2147483647;
			files = (
				6EE960531DC23C87003586C1 /* AliyunLogObjc.h in Headers */,
				6EE960A71DC2681E003586C1 /* RawLog.h in Headers */,
				6EE960A81DC2681E003586C1 /* RawLogGroup.h in Headers */,
				6EE960A91DC2681E003586C1 /* LogClient.h in Headers */,
				6EE960AA1DC2681E003586C1 /* Const.h in Headers */,
				6EA0AC4B2064D35800A71863 /* Sls.pbobjc.h in Headers */,
				6EE960AB1DC2681E003586C1 /* NSData+MD5Digest.h in Headers */,
				6EE960AC1DC2681E003586C1 /* NSData+GZIP.h in Headers */,
				6E3D3BAC2064F6370053427E /* Serializer.h in Headers */,
				6EE960AD1DC2681E003586C1 /* NSString+Crypto.h in Headers */,
			);
			runOnlyForDeploymentPostprocessing = 0;
		};
/* End PBXHeadersBuildPhase section */

/* Begin PBXNativeTarget section */
		6E3D3B8F2064F4270053427E /* AliyunLogDemo */ = {
			isa = PBXNativeTarget;
			buildConfigurationList = 6E3D3BA32064F4270053427E /* Build configuration list for PBXNativeTarget "AliyunLogDemo" */;
			buildPhases = (
				6E3D3B8C2064F4270053427E /* Sources */,
				6E3D3B8D2064F4270053427E /* Frameworks */,
				6E3D3B8E2064F4270053427E /* Resources */,
				6E3D3BAB2064F4D20053427E /* Embed Frameworks */,
			);
			buildRules = (
			);
			dependencies = (
				6E3D3BAA2064F4D20053427E /* PBXTargetDependency */,
			);
			name = AliyunLogDemo;
			productName = AliyunLogDemo;
			productReference = 6E3D3B902064F4270053427E /* AliyunLogDemo.app */;
			productType = "com.apple.product-type.application";
		};
		6EE9604D1DC23C87003586C1 /* AliyunLogObjc */ = {
			isa = PBXNativeTarget;
			buildConfigurationList = 6EE960561DC23C87003586C1 /* Build configuration list for PBXNativeTarget "AliyunLogObjc" */;
			buildPhases = (
				CC1D5309D4B7A2D52BC0CB80 /* [CP] Check Pods Manifest.lock */,
				6EA0AC542064D4FF00A71863 /* ShellScript */,
				6EE960491DC23C87003586C1 /* Sources */,
				6EE9604A1DC23C87003586C1 /* Frameworks */,
				6EE9604B1DC23C87003586C1 /* Headers */,
				6EE9604C1DC23C87003586C1 /* Resources */,
				B3CB332ADD034BD99C8FCC84 /* [CP] Copy Pods Resources */,
			);
			buildRules = (
			);
			dependencies = (
			);
			name = AliyunLogObjc;
			productName = AliyunLogObjc;
			productReference = 6EE9604E1DC23C87003586C1 /* AliyunLogObjc.framework */;
			productType = "com.apple.product-type.framework";
		};
/* End PBXNativeTarget section */

/* Begin PBXProject section */
		6EE960451DC23C87003586C1 /* Project object */ = {
			isa = PBXProject;
			attributes = {
				LastUpgradeCheck = 0920;
				ORGANIZATIONNAME = "陆家靖";
				TargetAttributes = {
					6E3D3B8F2064F4270053427E = {
						CreatedOnToolsVersion = 9.2;
						DevelopmentTeam = K3RAK387M7;
						ProvisioningStyle = Automatic;
					};
					6EE9604D1DC23C87003586C1 = {
						CreatedOnToolsVersion = 8.0;
						DevelopmentTeam = K3RAK387M7;
						ProvisioningStyle = Automatic;
					};
				};
			};
			buildConfigurationList = 6EE960481DC23C87003586C1 /* Build configuration list for PBXProject "AliyunLogObjc" */;
			compatibilityVersion = "Xcode 3.2";
			developmentRegion = English;
			hasScannedForEncodings = 0;
			knownRegions = (
				en,
				Base,
			);
			mainGroup = 6EE960441DC23C87003586C1;
			productRefGroup = 6EE9604F1DC23C87003586C1 /* Products */;
			projectDirPath = "";
			projectRoot = "";
			targets = (
				6EE9604D1DC23C87003586C1 /* AliyunLogObjc */,
				6E3D3B8F2064F4270053427E /* AliyunLogDemo */,
			);
		};
/* End PBXProject section */

/* Begin PBXResourcesBuildPhase section */
		6E3D3B8E2064F4270053427E /* Resources */ = {
			isa = PBXResourcesBuildPhase;
			buildActionMask = 2147483647;
			files = (
			);
			runOnlyForDeploymentPostprocessing = 0;
		};
		6EE9604C1DC23C87003586C1 /* Resources */ = {
			isa = PBXResourcesBuildPhase;
			buildActionMask = 2147483647;
			files = (
			);
			runOnlyForDeploymentPostprocessing = 0;
		};
/* End PBXResourcesBuildPhase section */

/* Begin PBXShellScriptBuildPhase section */
		6EA0AC542064D4FF00A71863 /* ShellScript */ = {
			isa = PBXShellScriptBuildPhase;
			buildActionMask = 2147483647;
			files = (
			);
			inputPaths = (
			);
			outputPaths = (
			);
			runOnlyForDeploymentPostprocessing = 0;
			shellPath = /bin/sh;
			shellScript = "protoc -I \"${PROJECT_DIR}/AliyunLogObjc\" --objc_out=\"${PROJECT_DIR}/AliyunLogObjc/serde\" \"${PROJECT_DIR}/AliyunLogObjc/sls.proto\"";
		};
		B3CB332ADD034BD99C8FCC84 /* [CP] Copy Pods Resources */ = {
			isa = PBXShellScriptBuildPhase;
			buildActionMask = 2147483647;
			files = (
			);
			inputPaths = (
			);
			name = "[CP] Copy Pods Resources";
			outputPaths = (
			);
			runOnlyForDeploymentPostprocessing = 0;
			shellPath = /bin/sh;
			shellScript = "\"${SRCROOT}/Pods/Target Support Files/Pods-AliyunLogObjc/Pods-AliyunLogObjc-resources.sh\"\n";
			showEnvVarsInLog = 0;
		};
		CC1D5309D4B7A2D52BC0CB80 /* [CP] Check Pods Manifest.lock */ = {
			isa = PBXShellScriptBuildPhase;
			buildActionMask = 2147483647;
			files = (
			);
			inputPaths = (
				"${PODS_PODFILE_DIR_PATH}/Podfile.lock",
				"${PODS_ROOT}/Manifest.lock",
			);
			name = "[CP] Check Pods Manifest.lock";
			outputPaths = (
				"$(DERIVED_FILE_DIR)/Pods-AliyunLogObjc-checkManifestLockResult.txt",
			);
			runOnlyForDeploymentPostprocessing = 0;
			shellPath = /bin/sh;
			shellScript = "diff \"${PODS_PODFILE_DIR_PATH}/Podfile.lock\" \"${PODS_ROOT}/Manifest.lock\" > /dev/null\nif [ $? != 0 ] ; then\n    # print error to STDERR\n    echo \"error: The sandbox is not in sync with the Podfile.lock. Run 'pod install' or update your CocoaPods installation.\" >&2\n    exit 1\nfi\n# This output is used by Xcode 'outputs' to avoid re-running this script phase.\necho \"SUCCESS\" > \"${SCRIPT_OUTPUT_FILE_0}\"\n";
			showEnvVarsInLog = 0;
		};
/* End PBXShellScriptBuildPhase section */

/* Begin PBXSourcesBuildPhase section */
		6E3D3B8C2064F4270053427E /* Sources */ = {
			isa = PBXSourcesBuildPhase;
			buildActionMask = 2147483647;
			files = (
			);
			runOnlyForDeploymentPostprocessing = 0;
		};
		6EE960491DC23C87003586C1 /* Sources */ = {
			isa = PBXSourcesBuildPhase;
			buildActionMask = 2147483647;
			files = (
				6EE960661DC2563F003586C1 /* NSData+MD5Digest.m in Sources */,
				6EA0AC4C2064D35800A71863 /* Sls.pbobjc.m in Sources */,
				6EE9605D1DC2438C003586C1 /* RawLogGroup.m in Sources */,
				6EA0AC442064B00400A71863 /* ProtobufSerializer.m in Sources */,
				6EE9606E1DC25A64003586C1 /* NSData+GZIP.m in Sources */,
				6EE9605A1DC23CB5003586C1 /* RawLog.m in Sources */,
				6EE960721DC25D6D003586C1 /* NSString+Crypto.m in Sources */,
				6EA0AC462064B01900A71863 /* Serializer.h in Sources */,
				6EE960611DC247A0003586C1 /* LogClient.m in Sources */,
				6EA0AC422064AFE200A71863 /* JSONSerializer.m in Sources */,
			);
			runOnlyForDeploymentPostprocessing = 0;
		};
/* End PBXSourcesBuildPhase section */

/* Begin PBXTargetDependency section */
		6E3D3BAA2064F4D20053427E /* PBXTargetDependency */ = {
			isa = PBXTargetDependency;
			target = 6EE9604D1DC23C87003586C1 /* AliyunLogObjc */;
			targetProxy = 6E3D3BA92064F4D20053427E /* PBXContainerItemProxy */;
		};
/* End PBXTargetDependency section */

/* Begin XCBuildConfiguration section */
		6E3D3BA42064F4270053427E /* Debug */ = {
			isa = XCBuildConfiguration;
			buildSettings = {
				ASSETCATALOG_COMPILER_APPICON_NAME = AppIcon;
				CLANG_ANALYZER_NUMBER_OBJECT_CONVERSION = YES_AGGRESSIVE;
				CLANG_CXX_LANGUAGE_STANDARD = "gnu++14";
				CLANG_WARN_UNGUARDED_AVAILABILITY = YES_AGGRESSIVE;
				CODE_SIGN_IDENTITY = "iPhone Developer";
				CODE_SIGN_STYLE = Automatic;
				DEVELOPMENT_TEAM = K3RAK387M7;
				GCC_C_LANGUAGE_STANDARD = gnu11;
				INFOPLIST_FILE = AliyunLogDemo/Info.plist;
				LD_RUNPATH_SEARCH_PATHS = "$(inherited) @executable_path/Frameworks";
				PRODUCT_BUNDLE_IDENTIFIER = com.wosai.AliyunLogDemo;
				PRODUCT_NAME = "$(TARGET_NAME)";
				TARGETED_DEVICE_FAMILY = "1,2";
			};
			name = Debug;
		};
		6E3D3BA52064F4270053427E /* Release */ = {
			isa = XCBuildConfiguration;
			buildSettings = {
				ASSETCATALOG_COMPILER_APPICON_NAME = AppIcon;
				CLANG_ANALYZER_NUMBER_OBJECT_CONVERSION = YES_AGGRESSIVE;
				CLANG_CXX_LANGUAGE_STANDARD = "gnu++14";
				CLANG_WARN_UNGUARDED_AVAILABILITY = YES_AGGRESSIVE;
				CODE_SIGN_IDENTITY = "iPhone Developer";
				CODE_SIGN_STYLE = Automatic;
				DEVELOPMENT_TEAM = K3RAK387M7;
				GCC_C_LANGUAGE_STANDARD = gnu11;
				INFOPLIST_FILE = AliyunLogDemo/Info.plist;
				LD_RUNPATH_SEARCH_PATHS = "$(inherited) @executable_path/Frameworks";
				PRODUCT_BUNDLE_IDENTIFIER = com.wosai.AliyunLogDemo;
				PRODUCT_NAME = "$(TARGET_NAME)";
				TARGETED_DEVICE_FAMILY = "1,2";
			};
			name = Release;
		};
		6EE960541DC23C87003586C1 /* Debug */ = {
			isa = XCBuildConfiguration;
			buildSettings = {
				ALWAYS_SEARCH_USER_PATHS = NO;
				CLANG_ANALYZER_NONNULL = YES;
				CLANG_CXX_LANGUAGE_STANDARD = "gnu++0x";
				CLANG_CXX_LIBRARY = "libc++";
				CLANG_ENABLE_MODULES = YES;
				CLANG_ENABLE_OBJC_ARC = YES;
				CLANG_WARN_BLOCK_CAPTURE_AUTORELEASING = YES;
				CLANG_WARN_BOOL_CONVERSION = YES;
				CLANG_WARN_COMMA = YES;
				CLANG_WARN_CONSTANT_CONVERSION = YES;
				CLANG_WARN_DIRECT_OBJC_ISA_USAGE = YES_ERROR;
				CLANG_WARN_DOCUMENTATION_COMMENTS = YES;
				CLANG_WARN_EMPTY_BODY = YES;
				CLANG_WARN_ENUM_CONVERSION = YES;
				CLANG_WARN_INFINITE_RECURSION = YES;
				CLANG_WARN_INT_CONVERSION = YES;
				CLANG_WARN_NON_LITERAL_NULL_CONVERSION = YES;
				CLANG_WARN_OBJC_LITERAL_CONVERSION = YES;
				CLANG_WARN_OBJC_ROOT_CLASS = YES_ERROR;
				CLANG_WARN_RANGE_LOOP_ANALYSIS = YES;
				CLANG_WARN_STRICT_PROTOTYPES = YES;
				CLANG_WARN_SUSPICIOUS_MOVE = YES;
				CLANG_WARN_SUSPICIOUS_MOVES = YES;
				CLANG_WARN_UNREACHABLE_CODE = YES;
				CLANG_WARN__DUPLICATE_METHOD_MATCH = YES;
				"CODE_SIGN_IDENTITY[sdk=iphoneos*]" = "iPhone Developer";
				COPY_PHASE_STRIP = NO;
				CURRENT_PROJECT_VERSION = 1;
				DEBUG_INFORMATION_FORMAT = dwarf;
				ENABLE_STRICT_OBJC_MSGSEND = YES;
				ENABLE_TESTABILITY = YES;
				GCC_C_LANGUAGE_STANDARD = gnu99;
				GCC_DYNAMIC_NO_PIC = NO;
				GCC_NO_COMMON_BLOCKS = YES;
				GCC_OPTIMIZATION_LEVEL = 0;
				GCC_PREPROCESSOR_DEFINITIONS = (
					"DEBUG=1",
					"$(inherited)",
				);
				GCC_WARN_64_TO_32_BIT_CONVERSION = YES;
				GCC_WARN_ABOUT_RETURN_TYPE = YES_ERROR;
				GCC_WARN_UNDECLARED_SELECTOR = YES;
				GCC_WARN_UNINITIALIZED_AUTOS = YES_AGGRESSIVE;
				GCC_WARN_UNUSED_FUNCTION = YES;
				GCC_WARN_UNUSED_VARIABLE = YES;
				IPHONEOS_DEPLOYMENT_TARGET = 11.2;
				MTL_ENABLE_DEBUG_INFO = YES;
				ONLY_ACTIVE_ARCH = YES;
				SDKROOT = iphoneos;
				TARGETED_DEVICE_FAMILY = "1,2";
				VERSIONING_SYSTEM = "apple-generic";
				VERSION_INFO_PREFIX = "";
			};
			name = Debug;
		};
		6EE960551DC23C87003586C1 /* Release */ = {
			isa = XCBuildConfiguration;
			buildSettings = {
				ALWAYS_SEARCH_USER_PATHS = NO;
				CLANG_ANALYZER_NONNULL = YES;
				CLANG_CXX_LANGUAGE_STANDARD = "gnu++0x";
				CLANG_CXX_LIBRARY = "libc++";
				CLANG_ENABLE_MODULES = YES;
				CLANG_ENABLE_OBJC_ARC = YES;
				CLANG_WARN_BLOCK_CAPTURE_AUTORELEASING = YES;
				CLANG_WARN_BOOL_CONVERSION = YES;
				CLANG_WARN_COMMA = YES;
				CLANG_WARN_CONSTANT_CONVERSION = YES;
				CLANG_WARN_DIRECT_OBJC_ISA_USAGE = YES_ERROR;
				CLANG_WARN_DOCUMENTATION_COMMENTS = YES;
				CLANG_WARN_EMPTY_BODY = YES;
				CLANG_WARN_ENUM_CONVERSION = YES;
				CLANG_WARN_INFINITE_RECURSION = YES;
				CLANG_WARN_INT_CONVERSION = YES;
				CLANG_WARN_NON_LITERAL_NULL_CONVERSION = YES;
				CLANG_WARN_OBJC_LITERAL_CONVERSION = YES;
				CLANG_WARN_OBJC_ROOT_CLASS = YES_ERROR;
				CLANG_WARN_RANGE_LOOP_ANALYSIS = YES;
				CLANG_WARN_STRICT_PROTOTYPES = YES;
				CLANG_WARN_SUSPICIOUS_MOVE = YES;
				CLANG_WARN_SUSPICIOUS_MOVES = YES;
				CLANG_WARN_UNREACHABLE_CODE = YES;
				CLANG_WARN__DUPLICATE_METHOD_MATCH = YES;
				"CODE_SIGN_IDENTITY[sdk=iphoneos*]" = "iPhone Developer";
				COPY_PHASE_STRIP = NO;
				CURRENT_PROJECT_VERSION = 1;
				DEBUG_INFORMATION_FORMAT = "dwarf-with-dsym";
				ENABLE_NS_ASSERTIONS = NO;
				ENABLE_STRICT_OBJC_MSGSEND = YES;
				GCC_C_LANGUAGE_STANDARD = gnu99;
				GCC_NO_COMMON_BLOCKS = YES;
				GCC_WARN_64_TO_32_BIT_CONVERSION = YES;
				GCC_WARN_ABOUT_RETURN_TYPE = YES_ERROR;
				GCC_WARN_UNDECLARED_SELECTOR = YES;
				GCC_WARN_UNINITIALIZED_AUTOS = YES_AGGRESSIVE;
				GCC_WARN_UNUSED_FUNCTION = YES;
				GCC_WARN_UNUSED_VARIABLE = YES;
				IPHONEOS_DEPLOYMENT_TARGET = 11.2;
				MTL_ENABLE_DEBUG_INFO = NO;
				SDKROOT = iphoneos;
				TARGETED_DEVICE_FAMILY = "1,2";
				VALIDATE_PRODUCT = YES;
				VERSIONING_SYSTEM = "apple-generic";
				VERSION_INFO_PREFIX = "";
			};
			name = Release;
		};
		6EE960571DC23C87003586C1 /* Debug */ = {
			isa = XCBuildConfiguration;
			baseConfigurationReference = E7AC2BEE189EE89BC7931604 /* Pods-AliyunLogObjc.debug.xcconfig */;
			buildSettings = {
				CLANG_ALLOW_NON_MODULAR_INCLUDES_IN_FRAMEWORK_MODULES = NO;
				CODE_SIGN_IDENTITY = "iPhone Developer";
				DEFINES_MODULE = YES;
				DEVELOPMENT_TEAM = K3RAK387M7;
				DYLIB_COMPATIBILITY_VERSION = 1;
				DYLIB_CURRENT_VERSION = 1;
				DYLIB_INSTALL_NAME_BASE = "@rpath";
				GCC_PREPROCESSOR_DEFINITIONS = (
					"GPB_USE_PROTOBUF_FRAMEWORK_IMPORTS=1",
					"DEBUG=1",
				);
				INFOPLIST_FILE = AliyunLogObjc/Info.plist;
				INSTALL_PATH = "$(LOCAL_LIBRARY_DIR)/Frameworks";
				LD_RUNPATH_SEARCH_PATHS = "$(inherited) @executable_path/Frameworks @loader_path/Frameworks";
				PRODUCT_BUNDLE_IDENTIFIER = com.wosai.pushservice.AliyunLogObjc;
				PRODUCT_NAME = "$(TARGET_NAME)";
				SKIP_INSTALL = YES;
			};
			name = Debug;
		};
		6EE960581DC23C87003586C1 /* Release */ = {
			isa = XCBuildConfiguration;
			baseConfigurationReference = 61E8EE7E5F02BF282549BBCF /* Pods-AliyunLogObjc.release.xcconfig */;
			buildSettings = {
				CLANG_ALLOW_NON_MODULAR_INCLUDES_IN_FRAMEWORK_MODULES = NO;
				CODE_SIGN_IDENTITY = "iPhone Developer";
				DEFINES_MODULE = YES;
				DEVELOPMENT_TEAM = K3RAK387M7;
				DYLIB_COMPATIBILITY_VERSION = 1;
				DYLIB_CURRENT_VERSION = 1;
				DYLIB_INSTALL_NAME_BASE = "@rpath";
				GCC_PREPROCESSOR_DEFINITIONS = "GPB_USE_PROTOBUF_FRAMEWORK_IMPORTS=1";
				INFOPLIST_FILE = AliyunLogObjc/Info.plist;
				INSTALL_PATH = "$(LOCAL_LIBRARY_DIR)/Frameworks";
				LD_RUNPATH_SEARCH_PATHS = "$(inherited) @executable_path/Frameworks @loader_path/Frameworks";
				PRODUCT_BUNDLE_IDENTIFIER = com.wosai.pushservice.AliyunLogObjc;
				PRODUCT_NAME = "$(TARGET_NAME)";
				SKIP_INSTALL = YES;
			};
			name = Release;
		};
/* End XCBuildConfiguration section */

/* Begin XCConfigurationList section */
		6E3D3BA32064F4270053427E /* Build configuration list for PBXNativeTarget "AliyunLogDemo" */ = {
			isa = XCConfigurationList;
			buildConfigurations = (
				6E3D3BA42064F4270053427E /* Debug */,
				6E3D3BA52064F4270053427E /* Release */,
			);
			defaultConfigurationIsVisible = 0;
			defaultConfigurationName = Release;
		};
		6EE960481DC23C87003586C1 /* Build configuration list for PBXProject "AliyunLogObjc" */ = {
			isa = XCConfigurationList;
			buildConfigurations = (
				6EE960541DC23C87003586C1 /* Debug */,
				6EE960551DC23C87003586C1 /* Release */,
			);
			defaultConfigurationIsVisible = 0;
			defaultConfigurationName = Release;
		};
		6EE960561DC23C87003586C1 /* Build configuration list for PBXNativeTarget "AliyunLogObjc" */ = {
			isa = XCConfigurationList;
			buildConfigurations = (
				6EE960571DC23C87003586C1 /* Debug */,
				6EE960581DC23C87003586C1 /* Release */,
			);
			defaultConfigurationIsVisible = 0;
			defaultConfigurationName = Release;
		};
/* End XCConfigurationList section */
	};
	rootObject = 6EE960451DC23C87003586C1 /* Project object */;
}
